// !$*UTF8*$!{	archiveVersion = 1;	classes = {	};	objectVersion = 45;	objects = {/* Begin PBXFileReference section */		544F4E3FA5064B78A6C15800 /* file.m */ = {isa = PBXFileReference; fileEncoding = 4; lastKnownFileType = sourcecode.c.objc; name = file.m; path = test/file.m; sourceTree = "<group>"; };/* End PBXFileReference section *//* Begin PBXGroup section */		307C750510C5A3420062BCA9 /* Plugins */ = {			isa = PBXGroup;			children = (				544F4E3FA5064B78A6C15800 /* file.m */,			);			name = Plugins;			path = test/Plugins;			sourceTree = SOURCE_ROOT;		};/* End PBXGroup section */	};	rootObject = 29B97313FDCFA39411CA2CEA /* Project object */;}